
Microsoft Visual Studio Solution File, Format Version 12.00
# Visual Studio Version 16
VisualStudioVersion = 16.0.30523.141
MinimumVisualStudioVersion = 10.0.40219.1
Project("{FAE04EC0-301F-11D3-BF4B-00C04F79EFBC}") = "Boca_Danut_Lab6", "Boca_Danut_Lab6.csproj", "{6814603E-9038-4989-AAC2-C05F27F1D557}"
EndProject
Project("{FAE04EC0-301F-11D3-BF4B-00C04F79EFBC}") = "AutoLotModel", "..\AutoLotModel\AutoLotModel.csproj", "{388B29FD-794B-4DC0-93B1-10627B679853}"
EndProject
Global
	GlobalSection(SolutionConfigurationPlatforms) = preSolution
		Debug|Any CPU = Debug|Any CPU
		Release|Any CPU = Release|Any CPU
	EndGlobalSection
	GlobalSection(ProjectConfigurationPlatforms) = postSolution
		{6814603E-9038-4989-AAC2-C05F27F1D557}.Debug|Any CPU.ActiveCfg = Debug|Any CPU
		{6814603E-9038-4989-AAC2-C05F27F1D557}.Debug|Any CPU.Build.0 = Debug|Any CPU
		{6814603E-9038-4989-AAC2-C05F27F1D557}.Release|Any CPU.ActiveCfg = Release|Any CPU
		{6814603E-9038-4989-AAC2-C05F27F1D557}.Release|Any CPU.Build.0 = Release|Any CPU
		{388B29FD-794B-4DC0-93B1-10627B679853}.Debug|Any CPU.ActiveCfg = Debug|Any CPU
		{388B29FD-794B-4DC0-93B1-10627B679853}.Debug|Any CPU.Build.0 = Debug|Any CPU
		{388B29FD-794B-4DC0-93B1-10627B679853}.Release|Any CPU.ActiveCfg = Release|Any CPU
		{388B29FD-794B-4DC0-93B1-10627B679853}.Release|Any CPU.Build.0 = Release|Any CPU
	EndGlobalSection
	GlobalSection(SolutionProperties) = preSolution
		HideSolutionNode = FALSE
	EndGlobalSection
	GlobalSection(ExtensibilityGlobals) = postSolution
		SolutionGuid = {D2471E4E-D716-4C14-A130-7343C588C312}
	EndGlobalSection
EndGlobal
